
Microsoft Visual Studio Solution File, Format Version 12.00
# Visual Studio Version 16
VisualStudioVersion = 16.0.29009.5
MinimumVisualStudioVersion = 10.0.40219.1
Project("{FAE04EC0-301F-11D3-BF4B-00C04F79EFBC}") = "HotelsA", "HotelsA\HotelsA.csproj", "{2F5F3ACF-3022-4926-B49D-DDC5B0567FAF}"
EndProject
Global
	GlobalSection(SolutionConfigurationPlatforms) = preSolution
		Debug|Any CPU = Debug|Any CPU
		Release|Any CPU = Release|Any CPU
	EndGlobalSection
	GlobalSection(ProjectConfigurationPlatforms) = postSolution
		{2F5F3ACF-3022-4926-B49D-DDC5B0567FAF}.Debug|Any CPU.ActiveCfg = Debug|Any CPU
		{2F5F3ACF-3022-4926-B49D-DDC5B0567FAF}.Debug|Any CPU.Build.0 = Debug|Any CPU
		{2F5F3ACF-3022-4926-B49D-DDC5B0567FAF}.Release|Any CPU.ActiveCfg = Release|Any CPU
		{2F5F3ACF-3022-4926-B49D-DDC5B0567FAF}.Release|Any CPU.Build.0 = Release|Any CPU
	EndGlobalSection
	GlobalSection(SolutionProperties) = preSolution
		HideSolutionNode = FALSE
	EndGlobalSection
	GlobalSection(ExtensibilityGlobals) = postSolution
		SolutionGuid = {C1E03EF6-928D-47C5-A4A2-EE1378DEE055}
	EndGlobalSection
EndGlobal
